<?xml version="1.0" encoding="utf-8"?>
<Project ToolsVersion="17.0" xmlns="http://schemas.microsoft.com/developer/msbuild/2003">
  <ItemGroup>
    <ClCompile Include="C:\Users\Maxwell\Documents\CRYENGINE Projects\War Company\Code\StdAfx.cpp" />
    <ClCompile Include="C:\Users\Maxwell\Documents\CRYENGINE Projects\War Company\solutions\win64\Code_uber.cpp">
      <Filter>UBER FILES</Filter>
    </ClCompile>
    <ClCompile Include="C:\Users\Maxwell\Documents\CRYENGINE Projects\War Company\solutions\win64\Components_uber.cpp">
      <Filter>UBER FILES</Filter>
    </ClCompile>
    <ClCompile Include="..\..\Code\BattleFormation\BattleLineSpline\BattleLineSpline.cpp">
      <Filter>Components\Battle Formation\Battle Line Spline</Filter>
    </ClCompile>
    <ClCompile Include="..\..\Code\BattleFormation\BattleLineSpline\VertexPoint.cpp">
      <Filter>Components\Battle Formation\Battle Line Spline</Filter>
    </ClCompile>
  </ItemGroup>
  <ItemGroup>
    <ClInclude Include="C:\Users\Maxwell\Documents\CRYENGINE Projects\War Company\Code\GamePlugin.cpp" />
    <ClInclude Include="C:\Users\Maxwell\Documents\CRYENGINE Projects\War Company\Code\GamePlugin.h" />
    <ClInclude Include="C:\Users\Maxwell\Documents\CRYENGINE Projects\War Company\Code\StdAfx.h" />
    <ClInclude Include="C:\Users\Maxwell\Documents\CRYENGINE Projects\War Company\Code\Components\Player.cpp">
      <Filter>Components</Filter>
    </ClInclude>
    <ClInclude Include="C:\Users\Maxwell\Documents\CRYENGINE Projects\War Company\Code\Components\Player.h">
      <Filter>Components</Filter>
    </ClInclude>
    <ClInclude Include="..\..\Code\BattleFormation\BattleLineSpline\BattleLineSpline.h">
      <Filter>Components\Battle Formation\Battle Line Spline</Filter>
    </ClInclude>
    <ClInclude Include="..\..\Code\BattleFormation\BattleLineSpline\AnchorPoint.h">
      <Filter>Components\Battle Formation\Battle Line Spline</Filter>
    </ClInclude>
    <ClInclude Include="..\..\Code\BattleFormation\BattleLineSpline\IControlPoint.h">
      <Filter>Components\Battle Formation\Battle Line Spline</Filter>
    </ClInclude>
    <ClInclude Include="..\..\Code\BattleFormation\BattleLineSpline\VertexPoint.h">
      <Filter>Components\Battle Formation\Battle Line Spline</Filter>
    </ClInclude>
    <ClInclude Include="..\..\Code\BattleFormation\BattleFormation.h">
      <Filter>Components\Battle Formation</Filter>
    </ClInclude>
    <ClInclude Include="..\..\Code\BattleFormation\BattleFormationSlot.h">
      <Filter>Components\Battle Formation</Filter>
    </ClInclude>
    <ClInclude Include="..\..\Code\BattleFormation\BattleLineSpline\DormantPoint.h">
      <Filter>Components\Battle Formation\Battle Line Spline</Filter>
    </ClInclude>
    <ClInclude Include="..\..\Code\BattleFormation\BattleLineSpline\BattleLineSlot.h">
      <Filter>Components\Battle Formation\Battle Line Spline</Filter>
    </ClInclude>
  </ItemGroup>
  <ItemGroup>
    <CustomBuild Include="C:\Users\Maxwell\Documents\CRYENGINE Projects\War Company\Code\CMakeLists.txt" />
  </ItemGroup>
  <ItemGroup>
    <ResourceCompile Include="C:\Users\Maxwell\Documents\CRYENGINE Projects\War Company\solutions\win64\Game.autogen.rc">
      <Filter>Resource Files</Filter>
    </ResourceCompile>
  </ItemGroup>
  <ItemGroup>
    <Filter Include="Components">
      <UniqueIdentifier>{E8639827-5D5E-3A36-917F-6FF7FE744B30}</UniqueIdentifier>
    </Filter>
    <Filter Include="Resource Files">
      <UniqueIdentifier>{C296822B-7487-3709-A21E-03174C0CC683}</UniqueIdentifier>
    </Filter>
    <Filter Include="UBER FILES">
      <UniqueIdentifier>{317F1177-F8D4-34C0-BF98-C6079EACC021}</UniqueIdentifier>
    </Filter>
    <Filter Include="Components\Battle Formation">
      <UniqueIdentifier>{3f85adc5-e90f-412e-a16c-78ca2a7c3cf7}</UniqueIdentifier>
    </Filter>
    <Filter Include="Components\Battle Formation\Battle Line Spline">
      <UniqueIdentifier>{e65b2ef5-e393-4487-bb9c-74a16ebbb265}</UniqueIdentifier>
    </Filter>
  </ItemGroup>
</Project>