<?xml version="1.0" encoding="utf-8"?>
<Project ToolsVersion="17.0" xmlns="http://schemas.microsoft.com/developer/msbuild/2003">
  <ItemGroup>
    <ClInclude Include="C:\Users\Maxwell\AppData\Local\Programs\CRYENGINE Launcher\Engines\crytek\cryengine-57-lts\5.7.1\Code\CryEngine\CryCommon\CryCore\Platform\platform.h">
      <Filter>Header Files</Filter>
    </ClInclude>
  </ItemGroup>
  <ItemGroup>
    <CustomBuild Include="C:\Users\Maxwell\Documents\CRYENGINE Projects\WarCompany\Code\CMakeLists.txt" />
  </ItemGroup>
  <ItemGroup>
    <Filter Include="Header Files">
      <UniqueIdentifier>{2651BEEA-3E9E-371A-A5E0-B1972B682AE9}</UniqueIdentifier>
    </Filter>
  </ItemGroup>
</Project>
