
Microsoft Visual Studio Solution File, Format Version 12.00
# Visual Studio Version 17
Project("{2150E333-8FDC-42A3-9474-1A3956D46DE8}") = "CMakePredefinedTargets", "CMakePredefinedTargets", "{B7AD1F05-B9F8-3F39-8AE4-B0FFA24C0104}"
EndProject
Project("{2150E333-8FDC-42A3-9474-1A3956D46DE8}") = "Project", "Project", "{4B68654E-6BB3-3E7F-B29C-BB7615C62954}"
EndProject
Project("{8BC9CEB8-8B4A-11D0-8D11-00A0C91BC942}") = "GameLauncher", "GameLauncher.vcxproj", "{06275DED-225C-3832-974E-B3B9EF1B0BCB}"
	ProjectSection(ProjectDependencies) = postProject
		{5AF6F81B-F8C3-3F51-8E9E-AE5FE9E87A0B} = {5AF6F81B-F8C3-3F51-8E9E-AE5FE9E87A0B}
	EndProjectSection
EndProject
Project("{8BC9CEB8-8B4A-11D0-8D11-00A0C91BC942}") = "ALL_BUILD", "ALL_BUILD.vcxproj", "{D3C73A52-6468-32BB-A897-92DB376F63C0}"
	ProjectSection(ProjectDependencies) = postProject
		{7963A3F8-4083-3FFB-9395-D7394EC53345} = {7963A3F8-4083-3FFB-9395-D7394EC53345}
		{06275DED-225C-3832-974E-B3B9EF1B0BCB} = {06275DED-225C-3832-974E-B3B9EF1B0BCB}
		{7F41D9C8-B5BC-35FE-917E-4E910C007CAE} = {7F41D9C8-B5BC-35FE-917E-4E910C007CAE}
		{F46E8ED0-1B53-3114-988A-924298FAE25E} = {F46E8ED0-1B53-3114-988A-924298FAE25E}
		{5AF6F81B-F8C3-3F51-8E9E-AE5FE9E87A0B} = {5AF6F81B-F8C3-3F51-8E9E-AE5FE9E87A0B}
	EndProjectSection
EndProject
Project("{8BC9CEB8-8B4A-11D0-8D11-00A0C91BC942}") = "Editor", "Editor.vcxproj", "{7963A3F8-4083-3FFB-9395-D7394EC53345}"
	ProjectSection(ProjectDependencies) = postProject
		{5AF6F81B-F8C3-3F51-8E9E-AE5FE9E87A0B} = {5AF6F81B-F8C3-3F51-8E9E-AE5FE9E87A0B}
	EndProjectSection
EndProject
Project("{8BC9CEB8-8B4A-11D0-8D11-00A0C91BC942}") = "GameServer", "GameServer.vcxproj", "{7F41D9C8-B5BC-35FE-917E-4E910C007CAE}"
	ProjectSection(ProjectDependencies) = postProject
		{5AF6F81B-F8C3-3F51-8E9E-AE5FE9E87A0B} = {5AF6F81B-F8C3-3F51-8E9E-AE5FE9E87A0B}
	EndProjectSection
EndProject
Project("{8BC9CEB8-8B4A-11D0-8D11-00A0C91BC942}") = "INSTALL", "INSTALL.vcxproj", "{67F202A7-C708-3A94-B835-DE9298B8880A}"
	ProjectSection(ProjectDependencies) = postProject
		{D3C73A52-6468-32BB-A897-92DB376F63C0} = {D3C73A52-6468-32BB-A897-92DB376F63C0}
		{5AF6F81B-F8C3-3F51-8E9E-AE5FE9E87A0B} = {5AF6F81B-F8C3-3F51-8E9E-AE5FE9E87A0B}
	EndProjectSection
EndProject
Project("{8BC9CEB8-8B4A-11D0-8D11-00A0C91BC942}") = "WarCompany", "WarCompany.vcxproj", "{F46E8ED0-1B53-3114-988A-924298FAE25E}"
	ProjectSection(ProjectDependencies) = postProject
		{5AF6F81B-F8C3-3F51-8E9E-AE5FE9E87A0B} = {5AF6F81B-F8C3-3F51-8E9E-AE5FE9E87A0B}
	EndProjectSection
EndProject
Project("{8BC9CEB8-8B4A-11D0-8D11-00A0C91BC942}") = "ZERO_CHECK", "ZERO_CHECK.vcxproj", "{5AF6F81B-F8C3-3F51-8E9E-AE5FE9E87A0B}"
	ProjectSection(ProjectDependencies) = postProject
	EndProjectSection
EndProject
Global
	GlobalSection(SolutionConfigurationPlatforms) = preSolution
		Debug|x64 = Debug|x64
		Profile|x64 = Profile|x64
		Release|x64 = Release|x64
	EndGlobalSection
	GlobalSection(ProjectConfigurationPlatforms) = postSolution
		{06275DED-225C-3832-974E-B3B9EF1B0BCB}.Debug|x64.ActiveCfg = Debug|x64
		{06275DED-225C-3832-974E-B3B9EF1B0BCB}.Debug|x64.Build.0 = Debug|x64
		{06275DED-225C-3832-974E-B3B9EF1B0BCB}.Profile|x64.ActiveCfg = Profile|x64
		{06275DED-225C-3832-974E-B3B9EF1B0BCB}.Profile|x64.Build.0 = Profile|x64
		{06275DED-225C-3832-974E-B3B9EF1B0BCB}.Release|x64.ActiveCfg = Release|x64
		{06275DED-225C-3832-974E-B3B9EF1B0BCB}.Release|x64.Build.0 = Release|x64
		{D3C73A52-6468-32BB-A897-92DB376F63C0}.Debug|x64.ActiveCfg = Debug|x64
		{D3C73A52-6468-32BB-A897-92DB376F63C0}.Debug|x64.Build.0 = Debug|x64
		{D3C73A52-6468-32BB-A897-92DB376F63C0}.Profile|x64.ActiveCfg = Profile|x64
		{D3C73A52-6468-32BB-A897-92DB376F63C0}.Profile|x64.Build.0 = Profile|x64
		{D3C73A52-6468-32BB-A897-92DB376F63C0}.Release|x64.ActiveCfg = Release|x64
		{D3C73A52-6468-32BB-A897-92DB376F63C0}.Release|x64.Build.0 = Release|x64
		{7963A3F8-4083-3FFB-9395-D7394EC53345}.Debug|x64.ActiveCfg = Debug|x64
		{7963A3F8-4083-3FFB-9395-D7394EC53345}.Debug|x64.Build.0 = Debug|x64
		{7963A3F8-4083-3FFB-9395-D7394EC53345}.Profile|x64.ActiveCfg = Profile|x64
		{7963A3F8-4083-3FFB-9395-D7394EC53345}.Profile|x64.Build.0 = Profile|x64
		{7963A3F8-4083-3FFB-9395-D7394EC53345}.Release|x64.ActiveCfg = Release|x64
		{7963A3F8-4083-3FFB-9395-D7394EC53345}.Release|x64.Build.0 = Release|x64
		{7F41D9C8-B5BC-35FE-917E-4E910C007CAE}.Debug|x64.ActiveCfg = Debug|x64
		{7F41D9C8-B5BC-35FE-917E-4E910C007CAE}.Debug|x64.Build.0 = Debug|x64
		{7F41D9C8-B5BC-35FE-917E-4E910C007CAE}.Profile|x64.ActiveCfg = Profile|x64
		{7F41D9C8-B5BC-35FE-917E-4E910C007CAE}.Profile|x64.Build.0 = Profile|x64
		{7F41D9C8-B5BC-35FE-917E-4E910C007CAE}.Release|x64.ActiveCfg = Release|x64
		{7F41D9C8-B5BC-35FE-917E-4E910C007CAE}.Release|x64.Build.0 = Release|x64
		{67F202A7-C708-3A94-B835-DE9298B8880A}.Debug|x64.ActiveCfg = Debug|x64
		{67F202A7-C708-3A94-B835-DE9298B8880A}.Profile|x64.ActiveCfg = Profile|x64
		{67F202A7-C708-3A94-B835-DE9298B8880A}.Release|x64.ActiveCfg = Release|x64
		{F46E8ED0-1B53-3114-988A-924298FAE25E}.Debug|x64.ActiveCfg = Debug|x64
		{F46E8ED0-1B53-3114-988A-924298FAE25E}.Debug|x64.Build.0 = Debug|x64
		{F46E8ED0-1B53-3114-988A-924298FAE25E}.Profile|x64.ActiveCfg = Profile|x64
		{F46E8ED0-1B53-3114-988A-924298FAE25E}.Profile|x64.Build.0 = Profile|x64
		{F46E8ED0-1B53-3114-988A-924298FAE25E}.Release|x64.ActiveCfg = Release|x64
		{F46E8ED0-1B53-3114-988A-924298FAE25E}.Release|x64.Build.0 = Release|x64
		{5AF6F81B-F8C3-3F51-8E9E-AE5FE9E87A0B}.Debug|x64.ActiveCfg = Debug|x64
		{5AF6F81B-F8C3-3F51-8E9E-AE5FE9E87A0B}.Debug|x64.Build.0 = Debug|x64
		{5AF6F81B-F8C3-3F51-8E9E-AE5FE9E87A0B}.Profile|x64.ActiveCfg = Profile|x64
		{5AF6F81B-F8C3-3F51-8E9E-AE5FE9E87A0B}.Profile|x64.Build.0 = Profile|x64
		{5AF6F81B-F8C3-3F51-8E9E-AE5FE9E87A0B}.Release|x64.ActiveCfg = Release|x64
		{5AF6F81B-F8C3-3F51-8E9E-AE5FE9E87A0B}.Release|x64.Build.0 = Release|x64
	EndGlobalSection
	GlobalSection(NestedProjects) = preSolution
		{D3C73A52-6468-32BB-A897-92DB376F63C0} = {B7AD1F05-B9F8-3F39-8AE4-B0FFA24C0104}
		{67F202A7-C708-3A94-B835-DE9298B8880A} = {B7AD1F05-B9F8-3F39-8AE4-B0FFA24C0104}
		{5AF6F81B-F8C3-3F51-8E9E-AE5FE9E87A0B} = {B7AD1F05-B9F8-3F39-8AE4-B0FFA24C0104}
		{F46E8ED0-1B53-3114-988A-924298FAE25E} = {4B68654E-6BB3-3E7F-B29C-BB7615C62954}
	EndGlobalSection
	GlobalSection(ExtensibilityGlobals) = postSolution
		SolutionGuid = {3622D677-C644-32D7-A426-440AC0D4C586}
	EndGlobalSection
	GlobalSection(ExtensibilityAddIns) = postSolution
	EndGlobalSection
EndGlobal
