<?xml version="1.0" encoding="utf-8"?>
<Project ToolsVersion="17.0" xmlns="http://schemas.microsoft.com/developer/msbuild/2003">
  <ItemGroup>
    <ClCompile Include="C:\Users\Maxwell\Documents\CRYENGINE Projects\WarCompany\Code\StdAfx.cpp" />
    <ClCompile Include="C:\Users\Maxwell\Documents\CRYENGINE Projects\WarCompany\solutions\win64\Code_uber.cpp">
      <Filter>UBER FILES</Filter>
    </ClCompile>
    <ClCompile Include="C:\Users\Maxwell\Documents\CRYENGINE Projects\WarCompany\solutions\win64\CompanyUnits_uber.cpp">
      <Filter>UBER FILES</Filter>
    </ClCompile>
    <ClCompile Include="C:\Users\Maxwell\Documents\CRYENGINE Projects\WarCompany\solutions\win64\BattleFormation_uber.cpp">
      <Filter>UBER FILES</Filter>
    </ClCompile>
    <ClCompile Include="C:\Users\Maxwell\Documents\CRYENGINE Projects\WarCompany\solutions\win64\Components_uber.cpp">
      <Filter>UBER FILES</Filter>
    </ClCompile>
  </ItemGroup>
  <ItemGroup>
    <ClInclude Include="C:\Users\Maxwell\Documents\CRYENGINE Projects\WarCompany\Code\GamePlugin.cpp" />
    <ClInclude Include="C:\Users\Maxwell\Documents\CRYENGINE Projects\WarCompany\Code\GamePlugin.h" />
    <ClInclude Include="C:\Users\Maxwell\Documents\CRYENGINE Projects\WarCompany\Code\StdAfx.h" />
    <ClInclude Include="C:\Users\Maxwell\Documents\CRYENGINE Projects\WarCompany\Code\CompanyUnit\CompanyUnit.h">
      <Filter>Company Unit</Filter>
    </ClInclude>
    <ClInclude Include="C:\Users\Maxwell\Documents\CRYENGINE Projects\WarCompany\Code\CompanyUnit\CompanyUnit.cpp">
      <Filter>Company Unit</Filter>
    </ClInclude>
    <ClInclude Include="C:\Users\Maxwell\Documents\CRYENGINE Projects\WarCompany\Code\CompanyUnit\TroopCompany\TroopUnit.h">
      <Filter>Company Unit\Troop Company</Filter>
    </ClInclude>
    <ClInclude Include="C:\Users\Maxwell\Documents\CRYENGINE Projects\WarCompany\Code\CompanyUnit\TroopCompany\TroopUnit.cpp">
      <Filter>Company Unit\Troop Company</Filter>
    </ClInclude>
    <ClInclude Include="C:\Users\Maxwell\Documents\CRYENGINE Projects\WarCompany\Code\CompanyUnit\TroopCompany\TroopCompany.h">
      <Filter>Company Unit\Troop Company</Filter>
    </ClInclude>
    <ClInclude Include="C:\Users\Maxwell\Documents\CRYENGINE Projects\WarCompany\Code\CompanyUnit\TroopCompany\TroopCompany.cpp">
      <Filter>Company Unit\Troop Company</Filter>
    </ClInclude>
    <ClInclude Include="C:\Users\Maxwell\Documents\CRYENGINE Projects\WarCompany\Code\CompanyUnit\TroopCompany\TroopCompanyClass.h">
      <Filter>Company Unit\Troop Company</Filter>
    </ClInclude>
    <ClInclude Include="C:\Users\Maxwell\Documents\CRYENGINE Projects\WarCompany\Code\CompanyUnit\TroopCompany\TroopCompanyClass.cpp">
      <Filter>Company Unit\Troop Company</Filter>
    </ClInclude>
    <ClInclude Include="C:\Users\Maxwell\Documents\CRYENGINE Projects\WarCompany\Code\BattleFormation\IFormationUnit.h">
      <Filter>Battle Formation</Filter>
    </ClInclude>
    <ClInclude Include="C:\Users\Maxwell\Documents\CRYENGINE Projects\WarCompany\Code\BattleFormation\IFormationSlot.h">
      <Filter>Battle Formation</Filter>
    </ClInclude>
    <ClInclude Include="C:\Users\Maxwell\Documents\CRYENGINE Projects\WarCompany\Code\BattleFormation\FormationSlot.cpp">
      <Filter>Battle Formation</Filter>
    </ClInclude>
    <ClInclude Include="C:\Users\Maxwell\Documents\CRYENGINE Projects\WarCompany\Code\BattleFormation\FormationSlot.h">
      <Filter>Battle Formation</Filter>
    </ClInclude>
    <ClInclude Include="C:\Users\Maxwell\Documents\CRYENGINE Projects\WarCompany\Code\BattleFormation\BattleFormation.cpp">
      <Filter>Battle Formation</Filter>
    </ClInclude>
    <ClInclude Include="C:\Users\Maxwell\Documents\CRYENGINE Projects\WarCompany\Code\BattleFormation\BattleFormation.h">
      <Filter>Battle Formation</Filter>
    </ClInclude>
    <ClInclude Include="C:\Users\Maxwell\Documents\CRYENGINE Projects\WarCompany\Code\BattleFormation\FormationBuilder\FormationBuilder.h">
      <Filter>Battle Formation\Formation Builder</Filter>
    </ClInclude>
    <ClInclude Include="C:\Users\Maxwell\Documents\CRYENGINE Projects\WarCompany\Code\BattleFormation\FormationBuilder\FormationBuilder.cpp">
      <Filter>Battle Formation\Formation Builder</Filter>
    </ClInclude>
    <ClInclude Include="C:\Users\Maxwell\Documents\CRYENGINE Projects\WarCompany\Code\BattleFormation\FormationBuilder\FormationBuildGroup.h">
      <Filter>Battle Formation\Formation Builder</Filter>
    </ClInclude>
    <ClInclude Include="C:\Users\Maxwell\Documents\CRYENGINE Projects\WarCompany\Code\BattleFormation\FormationBuilder\FormationBuildGroup.cpp">
      <Filter>Battle Formation\Formation Builder</Filter>
    </ClInclude>
    <ClInclude Include="C:\Users\Maxwell\Documents\CRYENGINE Projects\WarCompany\Code\BattleFormation\FormationSpline\AnchorPoint.cpp">
      <Filter>Battle Formation\Formation Spline</Filter>
    </ClInclude>
    <ClInclude Include="C:\Users\Maxwell\Documents\CRYENGINE Projects\WarCompany\Code\BattleFormation\FormationSpline\AnchorPoint.h">
      <Filter>Battle Formation\Formation Spline</Filter>
    </ClInclude>
    <ClInclude Include="C:\Users\Maxwell\Documents\CRYENGINE Projects\WarCompany\Code\BattleFormation\FormationSpline\BattleLineSpline.cpp">
      <Filter>Battle Formation\Formation Spline</Filter>
    </ClInclude>
    <ClInclude Include="C:\Users\Maxwell\Documents\CRYENGINE Projects\WarCompany\Code\BattleFormation\FormationSpline\BattleLineSpline.h">
      <Filter>Battle Formation\Formation Spline</Filter>
    </ClInclude>
    <ClInclude Include="C:\Users\Maxwell\Documents\CRYENGINE Projects\WarCompany\Code\BattleFormation\FormationSpline\IBattleLineSpline.h">
      <Filter>Battle Formation\Formation Spline</Filter>
    </ClInclude>
    <ClInclude Include="C:\Users\Maxwell\Documents\CRYENGINE Projects\WarCompany\Code\BattleFormation\FormationSpline\VertexPoint.cpp">
      <Filter>Battle Formation\Formation Spline</Filter>
    </ClInclude>
    <ClInclude Include="C:\Users\Maxwell\Documents\CRYENGINE Projects\WarCompany\Code\BattleFormation\FormationSpline\VertexPoint.h">
      <Filter>Battle Formation\Formation Spline</Filter>
    </ClInclude>
    <ClInclude Include="C:\Users\Maxwell\Documents\CRYENGINE Projects\WarCompany\Code\BattleFormation\FormationSpline\IVertexPoint.h">
      <Filter>Battle Formation\Formation Spline</Filter>
    </ClInclude>
    <ClInclude Include="C:\Users\Maxwell\Documents\CRYENGINE Projects\WarCompany\Code\Components\Player.cpp">
      <Filter>Components</Filter>
    </ClInclude>
    <ClInclude Include="C:\Users\Maxwell\Documents\CRYENGINE Projects\WarCompany\Code\Components\Player.h">
      <Filter>Components</Filter>
    </ClInclude>
    <ClInclude Include="C:\Users\Maxwell\Documents\CRYENGINE Projects\WarCompany\Code\Components\StdComponent.cpp">
      <Filter>Components</Filter>
    </ClInclude>
    <ClInclude Include="C:\Users\Maxwell\Documents\CRYENGINE Projects\WarCompany\Code\Components\StdComponent.h">
      <Filter>Components</Filter>
    </ClInclude>
    <ClInclude Include="..\..\Code\BattleFormation\IBattleFormation.h">
      <Filter>Battle Formation</Filter>
    </ClInclude>
  </ItemGroup>
  <ItemGroup>
    <CustomBuild Include="C:\Users\Maxwell\Documents\CRYENGINE Projects\WarCompany\Code\CMakeLists.txt" />
  </ItemGroup>
  <ItemGroup>
    <ResourceCompile Include="C:\Users\Maxwell\Documents\CRYENGINE Projects\WarCompany\solutions\win64\WarCompany.autogen.rc">
      <Filter>Resource Files</Filter>
    </ResourceCompile>
  </ItemGroup>
  <ItemGroup>
    <Filter Include="Battle Formation">
      <UniqueIdentifier>{ED986707-3773-3ED8-979C-5916EBFE5BE4}</UniqueIdentifier>
    </Filter>
    <Filter Include="Battle Formation\Formation Builder">
      <UniqueIdentifier>{BCF14D25-433E-3108-B202-C528E8DAB57D}</UniqueIdentifier>
    </Filter>
    <Filter Include="Battle Formation\Formation Spline">
      <UniqueIdentifier>{FC10AB50-7D57-3097-8619-CBE391AC9D5E}</UniqueIdentifier>
    </Filter>
    <Filter Include="Company Unit">
      <UniqueIdentifier>{CE539C0D-9623-3C79-9756-FDB56C8E8D04}</UniqueIdentifier>
    </Filter>
    <Filter Include="Company Unit\Troop Company">
      <UniqueIdentifier>{192BF244-6186-31BF-9602-AEB3C5763A5D}</UniqueIdentifier>
    </Filter>
    <Filter Include="Components">
      <UniqueIdentifier>{4B9370F2-D6AF-302B-8DC1-495BE70F7ED3}</UniqueIdentifier>
    </Filter>
    <Filter Include="Resource Files">
      <UniqueIdentifier>{9E877F13-83F5-3A28-9B27-E11A1C660AF5}</UniqueIdentifier>
    </Filter>
    <Filter Include="UBER FILES">
      <UniqueIdentifier>{98A95266-8D39-3A7A-91D6-DA68ADF8E0EE}</UniqueIdentifier>
    </Filter>
  </ItemGroup>
</Project>